
Microsoft Visual Studio Solution File, Format Version 11.00
# Visual Studio 2010
Project("{FAE04EC0-301F-11D3-BF4B-00C04F79EFBC}") = "Assembly-CSharp", "Assembly-CSharp.csproj", "{b3ad48f4-4001-1d25-8851-b8fda02aaf6f}"
EndProject
Project("{FAE04EC0-301F-11D3-BF4B-00C04F79EFBC}") = "Assembly-CSharp-Editor", "Assembly-CSharp-Editor.csproj", "{06718476-5be8-62b4-63da-611dbd6d6cc9}"
EndProject
Global
	GlobalSection(SolutionConfigurationPlatforms) = preSolution
		Debug|Any CPU = Debug|Any CPU
	EndGlobalSection
	GlobalSection(ProjectConfigurationPlatforms) = postSolution
		{b3ad48f4-4001-1d25-8851-b8fda02aaf6f}.Debug|Any CPU.ActiveCfg = Debug|Any CPU
		{b3ad48f4-4001-1d25-8851-b8fda02aaf6f}.Debug|Any CPU.Build.0 = Debug|Any CPU
		{06718476-5be8-62b4-63da-611dbd6d6cc9}.Debug|Any CPU.ActiveCfg = Debug|Any CPU
		{06718476-5be8-62b4-63da-611dbd6d6cc9}.Debug|Any CPU.Build.0 = Debug|Any CPU
	EndGlobalSection
	GlobalSection(SolutionProperties) = preSolution
		HideSolutionNode = FALSE
	EndGlobalSection
EndGlobal
